<?xml version="1.0" encoding="utf-8"?>
<Project ToolsVersion="4.0" xmlns="http://schemas.microsoft.com/developer/msbuild/2003">
  <ItemGroup>
    <Filter Include="Source Files">
      <UniqueIdentifier>{4FC737F1-C7A5-4376-A066-2A32D752A2FF}</UniqueIdentifier>
      <Extensions>cpp;c;cc;cxx;c++;cppm;ixx;def;odl;idl;hpj;bat;asm;asmx</Extensions>
    </Filter>
    <Filter Include="Header Files">
      <UniqueIdentifier>{93995380-89BD-4b04-88EB-625FBE52EBFB}</UniqueIdentifier>
      <Extensions>h;hh;hpp;hxx;h++;hm;inl;inc;ipp;xsd</Extensions>
    </Filter>
    <Filter Include="Resource Files">
      <UniqueIdentifier>{67DA6AB6-F800-4c08-8B7A-83BB121AAD01}</UniqueIdentifier>
      <Extensions>rc;ico;cur;bmp;dlg;rc2;rct;bin;rgs;gif;jpg;jpeg;jpe;resx;tiff;tif;png;wav;mfcribbon-ms</Extensions>
    </Filter>
  </ItemGroup>
  <ItemGroup>
    <ClCompile Include="main.cpp">
      <Filter>Source Files</Filter>
    </ClCompile>
    <ClCompile Include="Game.cpp">
      <Filter>Source Files</Filter>
    </ClCompile>
    <ClCompile Include="BasicScene.cpp">
      <Filter>Source Files</Filter>
    </ClCompile>
    <ClCompile Include="GameObject.cpp">
      <Filter>Source Files</Filter>
    </ClCompile>
    <ClCompile Include="Node.cpp">
      <Filter>Source Files</Filter>
    </ClCompile>
    <ClCompile Include="State.cpp">
      <Filter>Source Files</Filter>
    </ClCompile>
    <ClCompile Include="Action.cpp">
      <Filter>Source Files</Filter>
    </ClCompile>
    <ClCompile Include="Planner.cpp">
      <Filter>Source Files</Filter>
    </ClCompile>
    <ClCompile Include="BakeryScene.cpp">
      <Filter>Source Files</Filter>
    </ClCompile>
    <ClCompile Include="MuffinRecipe.cpp">
      <Filter>Source Files</Filter>
    </ClCompile>
  </ItemGroup>
  <ItemGroup>
    <ClInclude Include="pch.h">
      <Filter>Header Files</Filter>
    </ClInclude>
    <ClInclude Include="Game.h">
      <Filter>Header Files</Filter>
    </ClInclude>
    <ClInclude Include="Scene.h">
      <Filter>Header Files</Filter>
    </ClInclude>
    <ClInclude Include="BasicScene.h">
      <Filter>Header Files</Filter>
    </ClInclude>
    <ClInclude Include="GameObject.h">
      <Filter>Header Files</Filter>
    </ClInclude>
    <ClInclude Include="Node.h">
      <Filter>Header Files</Filter>
    </ClInclude>
    <ClInclude Include="State.h">
      <Filter>Header Files</Filter>
    </ClInclude>
    <ClInclude Include="Action.h">
      <Filter>Header Files</Filter>
    </ClInclude>
    <ClInclude Include="Planner.h">
      <Filter>Header Files</Filter>
    </ClInclude>
    <ClInclude Include="BakeryScene.h">
      <Filter>Header Files</Filter>
    </ClInclude>
    <ClInclude Include="MuffinRecipe.h">
      <Filter>Header Files</Filter>
    </ClInclude>
  </ItemGroup>
  <ItemGroup>
    <Image Include="Resources\Images\sourfrog.png">
      <Filter>Resource Files</Filter>
    </Image>
    <Image Include="Images\baker.png">
      <Filter>Resource Files</Filter>
    </Image>
    <Image Include="Images\countertop.png">
      <Filter>Resource Files</Filter>
    </Image>
    <Image Include="Images\display.png">
      <Filter>Resource Files</Filter>
    </Image>
    <Image Include="Images\display_shelf.png">
      <Filter>Resource Files</Filter>
    </Image>
    <Image Include="Images\fridge_closed.png">
      <Filter>Resource Files</Filter>
    </Image>
    <Image Include="Images\fridge_open.png">
      <Filter>Resource Files</Filter>
    </Image>
    <Image Include="Images\muffin.png">
      <Filter>Resource Files</Filter>
    </Image>
    <Image Include="Images\oven_closed.png">
      <Filter>Resource Files</Filter>
    </Image>
    <Image Include="Images\oven_open.png">
      <Filter>Resource Files</Filter>
    </Image>
    <Image Include="Images\pantry_closed.png">
      <Filter>Resource Files</Filter>
    </Image>
    <Image Include="Images\pantry_open.png">
      <Filter>Resource Files</Filter>
    </Image>
    <Image Include="Images\rack_almost_empty.png">
      <Filter>Resource Files</Filter>
    </Image>
    <Image Include="Images\rack_empty.png">
      <Filter>Resource Files</Filter>
    </Image>
    <Image Include="Images\rack_full.png">
      <Filter>Resource Files</Filter>
    </Image>
    <Image Include="Images\rack_mostly_full.png">
      <Filter>Resource Files</Filter>
    </Image>
    <Image Include="Images\sink_tap_off.png">
      <Filter>Resource Files</Filter>
    </Image>
    <Image Include="Images\sink_tap_on.png">
      <Filter>Resource Files</Filter>
    </Image>
    <Image Include="Images\sink_washing.png">
      <Filter>Resource Files</Filter>
    </Image>
    <Image Include="Images\whisk_off.png">
      <Filter>Resource Files</Filter>
    </Image>
    <Image Include="Images\whisk_on.png">
      <Filter>Resource Files</Filter>
    </Image>
  </ItemGroup>
  <ItemGroup>
    <Font Include="Fonts\PatuaOne-Regular.ttf" />
  </ItemGroup>
</Project>